
Microsoft Visual Studio Solution File, Format Version 12.00
# Visual Studio 15
VisualStudioVersion = 15.0.28307.271
MinimumVisualStudioVersion = 10.0.40219.1
Project("{FAE04EC0-301F-11D3-BF4B-00C04F79EFBC}") = "TDDDemo", "TDDDemo\TDDDemo.csproj", "{907BBC33-6ADB-4E1F-AF84-94209F8D3BA5}"
EndProject
Project("{FAE04EC0-301F-11D3-BF4B-00C04F79EFBC}") = "TDDDemo.Tests", "TDDDemo.Tests\TDDDemo.Tests.csproj", "{DFCDB842-90BE-40E5-95C6-6C00865E02CD}"
EndProject
Global
	GlobalSection(SolutionConfigurationPlatforms) = preSolution
		Debug|Any CPU = Debug|Any CPU
		Release|Any CPU = Release|Any CPU
	EndGlobalSection
	GlobalSection(ProjectConfigurationPlatforms) = postSolution
		{907BBC33-6ADB-4E1F-AF84-94209F8D3BA5}.Debug|Any CPU.ActiveCfg = Debug|Any CPU
		{907BBC33-6ADB-4E1F-AF84-94209F8D3BA5}.Debug|Any CPU.Build.0 = Debug|Any CPU
		{907BBC33-6ADB-4E1F-AF84-94209F8D3BA5}.Release|Any CPU.ActiveCfg = Release|Any CPU
		{907BBC33-6ADB-4E1F-AF84-94209F8D3BA5}.Release|Any CPU.Build.0 = Release|Any CPU
		{DFCDB842-90BE-40E5-95C6-6C00865E02CD}.Debug|Any CPU.ActiveCfg = Debug|Any CPU
		{DFCDB842-90BE-40E5-95C6-6C00865E02CD}.Debug|Any CPU.Build.0 = Debug|Any CPU
		{DFCDB842-90BE-40E5-95C6-6C00865E02CD}.Release|Any CPU.ActiveCfg = Release|Any CPU
		{DFCDB842-90BE-40E5-95C6-6C00865E02CD}.Release|Any CPU.Build.0 = Release|Any CPU
	EndGlobalSection
	GlobalSection(SolutionProperties) = preSolution
		HideSolutionNode = FALSE
	EndGlobalSection
	GlobalSection(ExtensibilityGlobals) = postSolution
		SolutionGuid = {6D38D014-0286-47A1-A280-58C5F6C99AA7}
	EndGlobalSection
EndGlobal
